<Solution>
  <Project Path="Dominio/Dominio.csproj" Id="547fd6e9-6f25-4d8b-b78c-2f7c218a1b67" />
  <Project Path="Negocio/Negocio.csproj" Id="f09f623f-f1e5-4dbc-bc73-0ff8ebd7d872" />
  <Project Path="TpWinFrorm_EquipoP/TpWinFrorm_EquipoK.csproj" Id="39149940-81c6-46fc-b2a3-648253a76536" />
</Solution>
